
Microsoft Visual Studio Solution File, Format Version 12.00
# Visual Studio Version 16
VisualStudioVersion = 16.0.31112.23
MinimumVisualStudioVersion = 10.0.40219.1
Project("{FAE04EC0-301F-11D3-BF4B-00C04F79EFBC}") = "WinFormsApp1", "WinFormsApp1\WinFormsApp1.csproj", "{1B024C83-B037-45A4-801E-3B50489AA82D}"
EndProject
Global
	GlobalSection(SolutionConfigurationPlatforms) = preSolution
		Debug|Any CPU = Debug|Any CPU
		Release|Any CPU = Release|Any CPU
	EndGlobalSection
	GlobalSection(ProjectConfigurationPlatforms) = postSolution
		{1B024C83-B037-45A4-801E-3B50489AA82D}.Debug|Any CPU.ActiveCfg = Debug|Any CPU
		{1B024C83-B037-45A4-801E-3B50489AA82D}.Debug|Any CPU.Build.0 = Debug|Any CPU
		{1B024C83-B037-45A4-801E-3B50489AA82D}.Release|Any CPU.ActiveCfg = Release|Any CPU
		{1B024C83-B037-45A4-801E-3B50489AA82D}.Release|Any CPU.Build.0 = Release|Any CPU
	EndGlobalSection
	GlobalSection(SolutionProperties) = preSolution
		HideSolutionNode = FALSE
	EndGlobalSection
	GlobalSection(ExtensibilityGlobals) = postSolution
		SolutionGuid = {F08EF8EB-DB04-4398-9D84-FE42275FE9CB}
	EndGlobalSection
EndGlobal
